{
  "name": "legal-graphrag-pipeline",
  "lockfileVersion": 3,
  "requires": true,
  "packages": {
    "": {
      "dependencies": {
        "opencode-llm-proxy": "^1.6.1"
      }
    },
    "node_modules/opencode-ai": {
      "version": "1.17.11",
      "resolved": "https://registry.npmjs.org/opencode-ai/-/opencode-ai-1.17.11.tgz",
      "integrity": "sha512-a4331YhfsIiDSve0YRP2eNdlY1iDqhzw979Ky66XWiKDA8jeykfsqGUDAmKYKjS3hLV8U8+krFBuMFVO7p5ptQ==",
      "cpu": [
        "arm64",
        "x64"
      ],
      "hasInstallScript": true,
      "license": "MIT",
      "os": [
        "darwin",
        "linux",
        "win32"
      ],
      "peer": true,
      "bin": {
        "opencode": "bin/opencode.exe"
      },
      "optionalDependencies": {
        "opencode-darwin-arm64": "1.17.11",
        "opencode-darwin-x64": "1.17.11",
        "opencode-darwin-x64-baseline": "1.17.11",
        "opencode-linux-arm64": "1.17.11",
        "opencode-linux-arm64-musl": "1.17.11",
        "opencode-linux-x64": "1.17.11",
        "opencode-linux-x64-baseline": "1.17.11",
        "opencode-linux-x64-baseline-musl": "1.17.11",
        "opencode-linux-x64-musl": "1.17.11",
        "opencode-windows-arm64": "1.17.11",
        "opencode-windows-x64": "1.17.11",
        "opencode-windows-x64-baseline": "1.17.11"
      }
    },
    "node_modules/opencode-darwin-arm64": {
      "version": "1.17.11",
      "resolved": "https://registry.npmjs.org/opencode-darwin-arm64/-/opencode-darwin-arm64-1.17.11.tgz",
      "integrity": "sha512-WpBokL8RL8BvdPKzJhQlLbVigz4jT0uESDWgwLcsU2JAP8hOWc/bMgzf87C7VtJlcjUY9ao60UzbPlsUffb/0g==",
      "cpu": [
        "arm64"
      ],
      "optional": true,
      "os": [
        "darwin"
      ],
      "peer": true
    },
    "node_modules/opencode-darwin-x64": {
      "version": "1.17.11",
      "resolved": "https://registry.npmjs.org/opencode-darwin-x64/-/opencode-darwin-x64-1.17.11.tgz",
      "integrity": "sha512-ZxQzLT92FT96Y8ahpHZiejD+m7vQYhAfskfzMwc0baDjkctEXy6UkZT5gY5jTDl+Bb74xgmKYJK6Lz20luhOXA==",
      "cpu": [
        "x64"
      ],
      "optional": true,
      "os": [
        "darwin"
      ],
      "peer": true
    },
    "node_modules/opencode-darwin-x64-baseline": {
      "version": "1.17.11",
      "resolved": "https://registry.npmjs.org/opencode-darwin-x64-baseline/-/opencode-darwin-x64-baseline-1.17.11.tgz",
      "integrity": "sha512-hay37M7ALa4/4RrtJDggnOOCL226+cgQQQ0KiBFWNMDhygtwBszQnZmNxWxZtoRNIr3sIIS8JNsuBfhG4OwXYg==",
      "cpu": [
        "x64"
      ],
      "optional": true,
      "os": [
        "darwin"
      ],
      "peer": true
    },
    "node_modules/opencode-linux-arm64": {
      "version": "1.17.11",
      "resolved": "https://registry.npmjs.org/opencode-linux-arm64/-/opencode-linux-arm64-1.17.11.tgz",
      "integrity": "sha512-CN3LSlqSrC1LbYHXZs21B8hIB951ebCRowwC+p4SDwPPUKknRzGYi5V7FjXAp8xq5hx27/QGgmGjfauv6RbAiA==",
      "cpu": [
        "arm64"
      ],
      "optional": true,
      "os": [
        "linux"
      ],
      "peer": true
    },
    "node_modules/opencode-linux-arm64-musl": {
      "version": "1.17.11",
      "resolved": "https://registry.npmjs.org/opencode-linux-arm64-musl/-/opencode-linux-arm64-musl-1.17.11.tgz",
      "integrity": "sha512-haM+NZ/CC14VdHSi81pRlYDbLvu3sXAQF8HH1t7yi0YpH3wLibq0Ms8prM0809Sza+30pyUIxH6aoYghnr2Juw==",
      "cpu": [
        "arm64"
      ],
      "optional": true,
      "os": [
        "linux"
      ],
      "peer": true
    },
    "node_modules/opencode-linux-x64": {
      "version": "1.17.11",
      "resolved": "https://registry.npmjs.org/opencode-linux-x64/-/opencode-linux-x64-1.17.11.tgz",
      "integrity": "sha512-at2oODO6N4yMTlvtKOFECVDvj4Nz3iFygmSKyoVdokgpMhYt6l9ta63pEp1jAaTxLpjQGbCzpRYbY/QqRAeB9Q==",
      "cpu": [
        "x64"
      ],
      "optional": true,
      "os": [
        "linux"
      ],
      "peer": true
    },
    "node_modules/opencode-linux-x64-baseline": {
      "version": "1.17.11",
      "resolved": "https://registry.npmjs.org/opencode-linux-x64-baseline/-/opencode-linux-x64-baseline-1.17.11.tgz",
      "integrity": "sha512-y0sibv7zg0KDLD7hdMCLe4+YYP6t5PQmqTV88KR7jWIU7qvl1hyuIAI84QLCt+7DACpNsFsUfofu6Hib051jZw==",
      "cpu": [
        "x64"
      ],
      "optional": true,
      "os": [
        "linux"
      ],
      "peer": true
    },
    "node_modules/opencode-linux-x64-baseline-musl": {
      "version": "1.17.11",
      "resolved": "https://registry.npmjs.org/opencode-linux-x64-baseline-musl/-/opencode-linux-x64-baseline-musl-1.17.11.tgz",
      "integrity": "sha512-AR3soQ1kYquD+QHaNDcWhHxd6lT8yUZJ2jsnls+7oOTisQWUspi5TpFD5FL4Et1MMtoJx63CAySDTzUpRXUO9Q==",
      "cpu": [
        "x64"
      ],
      "optional": true,
      "os": [
        "linux"
      ],
      "peer": true
    },
    "node_modules/opencode-linux-x64-musl": {
      "version": "1.17.11",
      "resolved": "https://registry.npmjs.org/opencode-linux-x64-musl/-/opencode-linux-x64-musl-1.17.11.tgz",
      "integrity": "sha512-cl2SMRa1c6dJMxvs5BQMy7Q2LVBwGXbLHpjc0OaeMkdORwdBfwCXfW1GNA61pNR4mMHMKrbFEV6dETqCDuIaWQ==",
      "cpu": [
        "x64"
      ],
      "optional": true,
      "os": [
        "linux"
      ],
      "peer": true
    },
    "node_modules/opencode-llm-proxy": {
      "version": "1.6.1",
      "resolved": "https://registry.npmjs.org/opencode-llm-proxy/-/opencode-llm-proxy-1.6.1.tgz",
      "integrity": "sha512-580lSiMZk+AAv3+dVJmyXN0QiEp1bFDFsPu30dUZXO43gyZncgGkppycUbqrZ12v5VPzMr0JnxVxLK4YgJcM7Q==",
      "license": "MIT",
      "engines": {
        "bun": ">=1.0.0"
      },
      "peerDependencies": {
        "opencode-ai": "*"
      }
    },
    "node_modules/opencode-windows-arm64": {
      "version": "1.17.11",
      "resolved": "https://registry.npmjs.org/opencode-windows-arm64/-/opencode-windows-arm64-1.17.11.tgz",
      "integrity": "sha512-pWOT/Ml4e3S12BQTmw8i+CsQ7QF0kI6Z//9z/N60gLW1U5afVYQpHkT1pT5RVjysPVHP8G4TN7Rbyi8m+fapCQ==",
      "cpu": [
        "arm64"
      ],
      "optional": true,
      "os": [
        "win32"
      ],
      "peer": true
    },
    "node_modules/opencode-windows-x64": {
      "version": "1.17.11",
      "resolved": "https://registry.npmjs.org/opencode-windows-x64/-/opencode-windows-x64-1.17.11.tgz",
      "integrity": "sha512-4ON++fPbRVhLpYvy6j0RolFstU1OncbqZ4FLFeAkC4L6CNO06kHEwmwRfEVcGo+zFpug/ljdW2T0W+sYBw20SA==",
      "cpu": [
        "x64"
      ],
      "optional": true,
      "os": [
        "win32"
      ],
      "peer": true
    },
    "node_modules/opencode-windows-x64-baseline": {
      "version": "1.17.11",
      "resolved": "https://registry.npmjs.org/opencode-windows-x64-baseline/-/opencode-windows-x64-baseline-1.17.11.tgz",
      "integrity": "sha512-RkJX3S77bzFZOHyQsqBqkI567hGHiTGU2TTIkBphYvRNxCQy+ZDjn3QAh+h7zyCHfieeWRKA96kl9ycKaJGO4A==",
      "cpu": [
        "x64"
      ],
      "optional": true,
      "os": [
        "win32"
      ],
      "peer": true
    }
  }
}
